
Microsoft Visual Studio Solution File, Format Version 12.00
# Visual Studio Version 16
VisualStudioVersion = 16.0.31112.23
MinimumVisualStudioVersion = 10.0.40219.1
Project("{FAE04EC0-301F-11D3-BF4B-00C04F79EFBC}") = "SchemesOnSKUs", "SchemesOnSKUs\SchemesOnSKUs.csproj", "{A066EF59-B063-43DE-93B0-EA281EBAF8D6}"
EndProject
Global
	GlobalSection(SolutionConfigurationPlatforms) = preSolution
		Debug|Any CPU = Debug|Any CPU
		Release|Any CPU = Release|Any CPU
	EndGlobalSection
	GlobalSection(ProjectConfigurationPlatforms) = postSolution
		{A066EF59-B063-43DE-93B0-EA281EBAF8D6}.Debug|Any CPU.ActiveCfg = Debug|Any CPU
		{A066EF59-B063-43DE-93B0-EA281EBAF8D6}.Debug|Any CPU.Build.0 = Debug|Any CPU
		{A066EF59-B063-43DE-93B0-EA281EBAF8D6}.Release|Any CPU.ActiveCfg = Release|Any CPU
		{A066EF59-B063-43DE-93B0-EA281EBAF8D6}.Release|Any CPU.Build.0 = Release|Any CPU
	EndGlobalSection
	GlobalSection(SolutionProperties) = preSolution
		HideSolutionNode = FALSE
	EndGlobalSection
	GlobalSection(ExtensibilityGlobals) = postSolution
		SolutionGuid = {BD44F432-0728-48FF-8C31-897CD3021E4B}
	EndGlobalSection
EndGlobal
